// !$*UTF8*$!
{
	archiveVersion = 1;
	classes = {
	};
	objectVersion = 48;
	objects = {

/* Begin PBXBuildFile section */
		4EF8C75BB4B180ACD3ADA2B6 /* Pods_VU_Mobile_Technical_Test_IOS.framework in Frameworks */ = {isa = PBXBuildFile; fileRef = FC2D4BBD6FFC54C10596B867 /* Pods_VU_Mobile_Technical_Test_IOS.framework */; };
		847B38A02457E01C00FD675C /* AppDelegate.swift in Sources */ = {isa = PBXBuildFile; fileRef = 847B389F2457E01C00FD675C /* AppDelegate.swift */; };
		847B38A22457E01C00FD675C /* ViewController.swift in Sources */ = {isa = PBXBuildFile; fileRef = 847B38A12457E01C00FD675C /* ViewController.swift */; };
		847B38A52457E01C00FD675C /* Main.storyboard in Resources */ = {isa = PBXBuildFile; fileRef = 847B38A32457E01C00FD675C /* Main.storyboard */; };
		847B38A72457E01C00FD675C /* Assets.xcassets in Resources */ = {isa = PBXBuildFile; fileRef = 847B38A62457E01C00FD675C /* Assets.xcassets */; };
		847B38AA2457E01C00FD675C /* LaunchScreen.storyboard in Resources */ = {isa = PBXBuildFile; fileRef = 847B38A82457E01C00FD675C /* LaunchScreen.storyboard */; };
		84AB844924586AFA007803D7 /* ItemCell.swift in Sources */ = {isa = PBXBuildFile; fileRef = 84AB844724586AFA007803D7 /* ItemCell.swift */; };
		84AB844A24586AFA007803D7 /* ItemCell.xib in Resources */ = {isa = PBXBuildFile; fileRef = 84AB844824586AFA007803D7 /* ItemCell.xib */; };
		84AB844D24588215007803D7 /* ImagesRespose.swift in Sources */ = {isa = PBXBuildFile; fileRef = 84AB844C24588215007803D7 /* ImagesRespose.swift */; };
/* End PBXBuildFile section */

/* Begin PBXFileReference section */
		1FDF39A7CD01A8A93DE15284 /* Pods-VU-Mobile-Technical-Test-IOS.release.xcconfig */ = {isa = PBXFileReference; includeInIndex = 1; lastKnownFileType = text.xcconfig; name = "Pods-VU-Mobile-Technical-Test-IOS.release.xcconfig"; path = "Pods/Target Support Files/Pods-VU-Mobile-Technical-Test-IOS/Pods-VU-Mobile-Technical-Test-IOS.release.xcconfig"; sourceTree = "<group>"; };
		2BC4C978E1FDB984E87E64E7 /* Pods-VU-Mobile-Technical-Test-IOS.debug.xcconfig */ = {isa = PBXFileReference; includeInIndex = 1; lastKnownFileType = text.xcconfig; name = "Pods-VU-Mobile-Technical-Test-IOS.debug.xcconfig"; path = "Pods/Target Support Files/Pods-VU-Mobile-Technical-Test-IOS/Pods-VU-Mobile-Technical-Test-IOS.debug.xcconfig"; sourceTree = "<group>"; };
		847B389C2457E01C00FD675C /* VU-Mobile-Technical-Test-IOS.app */ = {isa = PBXFileReference; explicitFileType = wrapper.application; includeInIndex = 0; path = "VU-Mobile-Technical-Test-IOS.app"; sourceTree = BUILT_PRODUCTS_DIR; };
		847B389F2457E01C00FD675C /* AppDelegate.swift */ = {isa = PBXFileReference; lastKnownFileType = sourcecode.swift; path = AppDelegate.swift; sourceTree = "<group>"; };
		847B38A12457E01C00FD675C /* ViewController.swift */ = {isa = PBXFileReference; lastKnownFileType = sourcecode.swift; path = ViewController.swift; sourceTree = "<group>"; };
		847B38A42457E01C00FD675C /* Base */ = {isa = PBXFileReference; lastKnownFileType = file.storyboard; name = Base; path = Base.lproj/Main.storyboard; sourceTree = "<group>"; };
		847B38A62457E01C00FD675C /* Assets.xcassets */ = {isa = PBXFileReference; lastKnownFileType = folder.assetcatalog; path = Assets.xcassets; sourceTree = "<group>"; };
		847B38A92457E01C00FD675C /* Base */ = {isa = PBXFileReference; lastKnownFileType = file.storyboard; name = Base; path = Base.lproj/LaunchScreen.storyboard; sourceTree = "<group>"; };
		847B38AB2457E01C00FD675C /* Info.plist */ = {isa = PBXFileReference; lastKnownFileType = text.plist.xml; path = Info.plist; sourceTree = "<group>"; };
		84AB844724586AFA007803D7 /* ItemCell.swift */ = {isa = PBXFileReference; lastKnownFileType = sourcecode.swift; path = ItemCell.swift; sourceTree = "<group>"; };
		84AB844824586AFA007803D7 /* ItemCell.xib */ = {isa = PBXFileReference; lastKnownFileType = file.xib; path = ItemCell.xib; sourceTree = "<group>"; };
		84AB844C24588215007803D7 /* ImagesRespose.swift */ = {isa = PBXFileReference; lastKnownFileType = sourcecode.swift; path = ImagesRespose.swift; sourceTree = "<group>"; };
		FC2D4BBD6FFC54C10596B867 /* Pods_VU_Mobile_Technical_Test_IOS.framework */ = {isa = PBXFileReference; explicitFileType = wrapper.framework; includeInIndex = 0; path = Pods_VU_Mobile_Technical_Test_IOS.framework; sourceTree = BUILT_PRODUCTS_DIR; };
/* End PBXFileReference section */

/* Begin PBXFrameworksBuildPhase section */
		847B38992457E01C00FD675C /* Frameworks */ = {
			isa = PBXFrameworksBuildPhase;
			buildActionMask = 2147483647;
			files = (
				4EF8C75BB4B180ACD3ADA2B6 /* Pods_VU_Mobile_Technical_Test_IOS.framework in Frameworks */,
			);
			runOnlyForDeploymentPostprocessing = 0;
		};
/* End PBXFrameworksBuildPhase section */

/* Begin PBXGroup section */
		36120D66D1C2E3EBC2BCF8FB /* Frameworks */ = {
			isa = PBXGroup;
			children = (
				FC2D4BBD6FFC54C10596B867 /* Pods_VU_Mobile_Technical_Test_IOS.framework */,
			);
			name = Frameworks;
			sourceTree = "<group>";
		};
		6AA0C8117DC6CEB3FB17865F /* Pods */ = {
			isa = PBXGroup;
			children = (
				2BC4C978E1FDB984E87E64E7 /* Pods-VU-Mobile-Technical-Test-IOS.debug.xcconfig */,
				1FDF39A7CD01A8A93DE15284 /* Pods-VU-Mobile-Technical-Test-IOS.release.xcconfig */,
			);
			name = Pods;
			sourceTree = "<group>";
		};
		847B38932457E01C00FD675C = {
			isa = PBXGroup;
			children = (
				847B389E2457E01C00FD675C /* VU-Mobile-Technical-Test-IOS */,
				847B389D2457E01C00FD675C /* Products */,
				6AA0C8117DC6CEB3FB17865F /* Pods */,
				36120D66D1C2E3EBC2BCF8FB /* Frameworks */,
			);
			sourceTree = "<group>";
		};
		847B389D2457E01C00FD675C /* Products */ = {
			isa = PBXGroup;
			children = (
				847B389C2457E01C00FD675C /* VU-Mobile-Technical-Test-IOS.app */,
			);
			name = Products;
			sourceTree = "<group>";
		};
		847B389E2457E01C00FD675C /* VU-Mobile-Technical-Test-IOS */ = {
			isa = PBXGroup;
			children = (
				84AB844B245881EA007803D7 /* Model */,
				847B389F2457E01C00FD675C /* AppDelegate.swift */,
				84AB844624586A88007803D7 /* ItemCell */,
				847B38A12457E01C00FD675C /* ViewController.swift */,
				847B38A32457E01C00FD675C /* Main.storyboard */,
				847B38A62457E01C00FD675C /* Assets.xcassets */,
				847B38A82457E01C00FD675C /* LaunchScreen.storyboard */,
				847B38AB2457E01C00FD675C /* Info.plist */,
			);
			path = "VU-Mobile-Technical-Test-IOS";
			sourceTree = "<group>";
		};
		84AB844624586A88007803D7 /* ItemCell */ = {
			isa = PBXGroup;
			children = (
				84AB844724586AFA007803D7 /* ItemCell.swift */,
				84AB844824586AFA007803D7 /* ItemCell.xib */,
			);
			path = ItemCell;
			sourceTree = "<group>";
		};
		84AB844B245881EA007803D7 /* Model */ = {
			isa = PBXGroup;
			children = (
				84AB844C24588215007803D7 /* ImagesRespose.swift */,
			);
			path = Model;
			sourceTree = "<group>";
		};
/* End PBXGroup section */

/* Begin PBXNativeTarget section */
		847B389B2457E01C00FD675C /* VU-Mobile-Technical-Test-IOS */ = {
			isa = PBXNativeTarget;
			buildConfigurationList = 847B38AE2457E01C00FD675C /* Build configuration list for PBXNativeTarget "VU-Mobile-Technical-Test-IOS" */;
			buildPhases = (
				49E04E909DE544F3D9B19437 /* [CP] Check Pods Manifest.lock */,
				847B38982457E01C00FD675C /* Sources */,
				847B38992457E01C00FD675C /* Frameworks */,
				847B389A2457E01C00FD675C /* Resources */,
				B3D3AF6E6AC8299554694EE6 /* [CP] Embed Pods Frameworks */,
			);
			buildRules = (
			);
			dependencies = (
			);
			name = "VU-Mobile-Technical-Test-IOS";
			productName = "VU-Mobile-Technical-Test-IOS";
			productReference = 847B389C2457E01C00FD675C /* VU-Mobile-Technical-Test-IOS.app */;
			productType = "com.apple.product-type.application";
		};
/* End PBXNativeTarget section */

/* Begin PBXProject section */
		847B38942457E01C00FD675C /* Project object */ = {
			isa = PBXProject;
			attributes = {
				LastSwiftUpdateCheck = 0920;
				LastUpgradeCheck = 0920;
				ORGANIZATIONNAME = "Kazi Md. Saidul";
				TargetAttributes = {
					847B389B2457E01C00FD675C = {
						CreatedOnToolsVersion = 9.2;
						ProvisioningStyle = Automatic;
					};
				};
			};
			buildConfigurationList = 847B38972457E01C00FD675C /* Build configuration list for PBXProject "VU-Mobile-Technical-Test-IOS" */;
			compatibilityVersion = "Xcode 8.0";
			developmentRegion = en;
			hasScannedForEncodings = 0;
			knownRegions = (
				en,
				Base,
			);
			mainGroup = 847B38932457E01C00FD675C;
			productRefGroup = 847B389D2457E01C00FD675C /* Products */;
			projectDirPath = "";
			projectRoot = "";
			targets = (
				847B389B2457E01C00FD675C /* VU-Mobile-Technical-Test-IOS */,
			);
		};
/* End PBXProject section */

/* Begin PBXResourcesBuildPhase section */
		847B389A2457E01C00FD675C /* Resources */ = {
			isa = PBXResourcesBuildPhase;
			buildActionMask = 2147483647;
			files = (
				84AB844A24586AFA007803D7 /* ItemCell.xib in Resources */,
				847B38AA2457E01C00FD675C /* LaunchScreen.storyboard in Resources */,
				847B38A72457E01C00FD675C /* Assets.xcassets in Resources */,
				847B38A52457E01C00FD675C /* Main.storyboard in Resources */,
			);
			runOnlyForDeploymentPostprocessing = 0;
		};
/* End PBXResourcesBuildPhase section */

/* Begin PBXShellScriptBuildPhase section */
		49E04E909DE544F3D9B19437 /* [CP] Check Pods Manifest.lock */ = {
			isa = PBXShellScriptBuildPhase;
			buildActionMask = 2147483647;
			files = (
			);
			inputPaths = (
				"${PODS_PODFILE_DIR_PATH}/Podfile.lock",
				"${PODS_ROOT}/Manifest.lock",
			);
			name = "[CP] Check Pods Manifest.lock";
			outputPaths = (
				"$(DERIVED_FILE_DIR)/Pods-VU-Mobile-Technical-Test-IOS-checkManifestLockResult.txt",
			);
			runOnlyForDeploymentPostprocessing = 0;
			shellPath = /bin/sh;
			shellScript = "diff \"${PODS_PODFILE_DIR_PATH}/Podfile.lock\" \"${PODS_ROOT}/Manifest.lock\" > /dev/null\nif [ $? != 0 ] ; then\n    # print error to STDERR\n    echo \"error: The sandbox is not in sync with the Podfile.lock. Run 'pod install' or update your CocoaPods installation.\" >&2\n    exit 1\nfi\n# This output is used by Xcode 'outputs' to avoid re-running this script phase.\necho \"SUCCESS\" > \"${SCRIPT_OUTPUT_FILE_0}\"\n";
			showEnvVarsInLog = 0;
		};
		B3D3AF6E6AC8299554694EE6 /* [CP] Embed Pods Frameworks */ = {
			isa = PBXShellScriptBuildPhase;
			buildActionMask = 2147483647;
			files = (
			);
			inputPaths = (
				"${SRCROOT}/Pods/Target Support Files/Pods-VU-Mobile-Technical-Test-IOS/Pods-VU-Mobile-Technical-Test-IOS-frameworks.sh",
				"${BUILT_PRODUCTS_DIR}/Alamofire/Alamofire.framework",
				"${BUILT_PRODUCTS_DIR}/SwiftyJSON/SwiftyJSON.framework",
			);
			name = "[CP] Embed Pods Frameworks";
			outputPaths = (
				"${TARGET_BUILD_DIR}/${FRAMEWORKS_FOLDER_PATH}/Alamofire.framework",
				"${TARGET_BUILD_DIR}/${FRAMEWORKS_FOLDER_PATH}/SwiftyJSON.framework",
			);
			runOnlyForDeploymentPostprocessing = 0;
			shellPath = /bin/sh;
			shellScript = "\"${SRCROOT}/Pods/Target Support Files/Pods-VU-Mobile-Technical-Test-IOS/Pods-VU-Mobile-Technical-Test-IOS-frameworks.sh\"\n";
			showEnvVarsInLog = 0;
		};
/* End PBXShellScriptBuildPhase section */

/* Begin PBXSourcesBuildPhase section */
		847B38982457E01C00FD675C /* Sources */ = {
			isa = PBXSourcesBuildPhase;
			buildActionMask = 2147483647;
			files = (
				847B38A22457E01C00FD675C /* ViewController.swift in Sources */,
				84AB844D24588215007803D7 /* ImagesRespose.swift in Sources */,
				847B38A02457E01C00FD675C /* AppDelegate.swift in Sources */,
				84AB844924586AFA007803D7 /* ItemCell.swift in Sources */,
			);
			runOnlyForDeploymentPostprocessing = 0;
		};
/* End PBXSourcesBuildPhase section */

/* Begin PBXVariantGroup section */
		847B38A32457E01C00FD675C /* Main.storyboard */ = {
			isa = PBXVariantGroup;
			children = (
				847B38A42457E01C00FD675C /* Base */,
			);
			name = Main.storyboard;
			sourceTree = "<group>";
		};
		847B38A82457E01C00FD675C /* LaunchScreen.storyboard */ = {
			isa = PBXVariantGroup;
			children = (
				847B38A92457E01C00FD675C /* Base */,
			);
			name = LaunchScreen.storyboard;
			sourceTree = "<group>";
		};
/* End PBXVariantGroup section */

/* Begin XCBuildConfiguration section */
		847B38AC2457E01C00FD675C /* Debug */ = {
			isa = XCBuildConfiguration;
			buildSettings = {
				ALWAYS_SEARCH_USER_PATHS = NO;
				CLANG_ANALYZER_NONNULL = YES;
				CLANG_ANALYZER_NUMBER_OBJECT_CONVERSION = YES_AGGRESSIVE;
				CLANG_CXX_LANGUAGE_STANDARD = "gnu++14";
				CLANG_CXX_LIBRARY = "libc++";
				CLANG_ENABLE_MODULES = YES;
				CLANG_ENABLE_OBJC_ARC = YES;
				CLANG_WARN_BLOCK_CAPTURE_AUTORELEASING = YES;
				CLANG_WARN_BOOL_CONVERSION = YES;
				CLANG_WARN_COMMA = YES;
				CLANG_WARN_CONSTANT_CONVERSION = YES;
				CLANG_WARN_DIRECT_OBJC_ISA_USAGE = YES_ERROR;
				CLANG_WARN_DOCUMENTATION_COMMENTS = YES;
				CLANG_WARN_EMPTY_BODY = YES;
				CLANG_WARN_ENUM_CONVERSION = YES;
				CLANG_WARN_INFINITE_RECURSION = YES;
				CLANG_WARN_INT_CONVERSION = YES;
				CLANG_WARN_NON_LITERAL_NULL_CONVERSION = YES;
				CLANG_WARN_OBJC_LITERAL_CONVERSION = YES;
				CLANG_WARN_OBJC_ROOT_CLASS = YES_ERROR;
				CLANG_WARN_RANGE_LOOP_ANALYSIS = YES;
				CLANG_WARN_STRICT_PROTOTYPES = YES;
				CLANG_WARN_SUSPICIOUS_MOVE = YES;
				CLANG_WARN_UNGUARDED_AVAILABILITY = YES_AGGRESSIVE;
				CLANG_WARN_UNREACHABLE_CODE = YES;
				CLANG_WARN__DUPLICATE_METHOD_MATCH = YES;
				CODE_SIGN_IDENTITY = "iPhone Developer";
				COPY_PHASE_STRIP = NO;
				DEBUG_INFORMATION_FORMAT = dwarf;
				ENABLE_STRICT_OBJC_MSGSEND = YES;
				ENABLE_TESTABILITY = YES;
				GCC_C_LANGUAGE_STANDARD = gnu11;
				GCC_DYNAMIC_NO_PIC = NO;
				GCC_NO_COMMON_BLOCKS = YES;
				GCC_OPTIMIZATION_LEVEL = 0;
				GCC_PREPROCESSOR_DEFINITIONS = (
					"DEBUG=1",
					"$(inherited)",
				);
				GCC_WARN_64_TO_32_BIT_CONVERSION = YES;
				GCC_WARN_ABOUT_RETURN_TYPE = YES_ERROR;
				GCC_WARN_UNDECLARED_SELECTOR = YES;
				GCC_WARN_UNINITIALIZED_AUTOS = YES_AGGRESSIVE;
				GCC_WARN_UNUSED_FUNCTION = YES;
				GCC_WARN_UNUSED_VARIABLE = YES;
				IPHONEOS_DEPLOYMENT_TARGET = 11.2;
				MTL_ENABLE_DEBUG_INFO = YES;
				ONLY_ACTIVE_ARCH = YES;
				SDKROOT = iphoneos;
				SWIFT_ACTIVE_COMPILATION_CONDITIONS = DEBUG;
				SWIFT_OPTIMIZATION_LEVEL = "-Onone";
			};
			name = Debug;
		};
		847B38AD2457E01C00FD675C /* Release */ = {
			isa = XCBuildConfiguration;
			buildSettings = {
				ALWAYS_SEARCH_USER_PATHS = NO;
				CLANG_ANALYZER_NONNULL = YES;
				CLANG_ANALYZER_NUMBER_OBJECT_CONVERSION = YES_AGGRESSIVE;
				CLANG_CXX_LANGUAGE_STANDARD = "gnu++14";
				CLANG_CXX_LIBRARY = "libc++";
				CLANG_ENABLE_MODULES = YES;
				CLANG_ENABLE_OBJC_ARC = YES;
				CLANG_WARN_BLOCK_CAPTURE_AUTORELEASING = YES;
				CLANG_WARN_BOOL_CONVERSION = YES;
				CLANG_WARN_COMMA = YES;
				CLANG_WARN_CONSTANT_CONVERSION = YES;
				CLANG_WARN_DIRECT_OBJC_ISA_USAGE = YES_ERROR;
				CLANG_WARN_DOCUMENTATION_COMMENTS = YES;
				CLANG_WARN_EMPTY_BODY = YES;
				CLANG_WARN_ENUM_CONVERSION = YES;
				CLANG_WARN_INFINITE_RECURSION = YES;
				CLANG_WARN_INT_CONVERSION = YES;
				CLANG_WARN_NON_LITERAL_NULL_CONVERSION = YES;
				CLANG_WARN_OBJC_LITERAL_CONVERSION = YES;
				CLANG_WARN_OBJC_ROOT_CLASS = YES_ERROR;
				CLANG_WARN_RANGE_LOOP_ANALYSIS = YES;
				CLANG_WARN_STRICT_PROTOTYPES = YES;
				CLANG_WARN_SUSPICIOUS_MOVE = YES;
				CLANG_WARN_UNGUARDED_AVAILABILITY = YES_AGGRESSIVE;
				CLANG_WARN_UNREACHABLE_CODE = YES;
				CLANG_WARN__DUPLICATE_METHOD_MATCH = YES;
				CODE_SIGN_IDENTITY = "iPhone Developer";
				COPY_PHASE_STRIP = NO;
				DEBUG_INFORMATION_FORMAT = "dwarf-with-dsym";
				ENABLE_NS_ASSERTIONS = NO;
				ENABLE_STRICT_OBJC_MSGSEND = YES;
				GCC_C_LANGUAGE_STANDARD = gnu11;
				GCC_NO_COMMON_BLOCKS = YES;
				GCC_WARN_64_TO_32_BIT_CONVERSION = YES;
				GCC_WARN_ABOUT_RETURN_TYPE = YES_ERROR;
				GCC_WARN_UNDECLARED_SELECTOR = YES;
				GCC_WARN_UNINITIALIZED_AUTOS = YES_AGGRESSIVE;
				GCC_WARN_UNUSED_FUNCTION = YES;
				GCC_WARN_UNUSED_VARIABLE = YES;
				IPHONEOS_DEPLOYMENT_TARGET = 11.2;
				MTL_ENABLE_DEBUG_INFO = NO;
				SDKROOT = iphoneos;
				SWIFT_OPTIMIZATION_LEVEL = "-Owholemodule";
				VALIDATE_PRODUCT = YES;
			};
			name = Release;
		};
		847B38AF2457E01C00FD675C /* Debug */ = {
			isa = XCBuildConfiguration;
			baseConfigurationReference = 2BC4C978E1FDB984E87E64E7 /* Pods-VU-Mobile-Technical-Test-IOS.debug.xcconfig */;
			buildSettings = {
				ASSETCATALOG_COMPILER_APPICON_NAME = AppIcon;
				CODE_SIGN_STYLE = Automatic;
				DEVELOPMENT_TEAM = Q79L49XN4F;
				INFOPLIST_FILE = "VU-Mobile-Technical-Test-IOS/Info.plist";
				LD_RUNPATH_SEARCH_PATHS = "$(inherited) @executable_path/Frameworks";
				PRODUCT_BUNDLE_IDENTIFIER = "com.saidul.VU-Mobile-Technical-Test-IOS";
				PRODUCT_NAME = "$(TARGET_NAME)";
				SWIFT_VERSION = 4.0;
				TARGETED_DEVICE_FAMILY = "1,2";
			};
			name = Debug;
		};
		847B38B02457E01C00FD675C /* Release */ = {
			isa = XCBuildConfiguration;
			baseConfigurationReference = 1FDF39A7CD01A8A93DE15284 /* Pods-VU-Mobile-Technical-Test-IOS.release.xcconfig */;
			buildSettings = {
				ASSETCATALOG_COMPILER_APPICON_NAME = AppIcon;
				CODE_SIGN_STYLE = Automatic;
				DEVELOPMENT_TEAM = Q79L49XN4F;
				INFOPLIST_FILE = "VU-Mobile-Technical-Test-IOS/Info.plist";
				LD_RUNPATH_SEARCH_PATHS = "$(inherited) @executable_path/Frameworks";
				PRODUCT_BUNDLE_IDENTIFIER = "com.saidul.VU-Mobile-Technical-Test-IOS";
				PRODUCT_NAME = "$(TARGET_NAME)";
				SWIFT_VERSION = 4.0;
				TARGETED_DEVICE_FAMILY = "1,2";
			};
			name = Release;
		};
/* End XCBuildConfiguration section */

/* Begin XCConfigurationList section */
		847B38972457E01C00FD675C /* Build configuration list for PBXProject "VU-Mobile-Technical-Test-IOS" */ = {
			isa = XCConfigurationList;
			buildConfigurations = (
				847B38AC2457E01C00FD675C /* Debug */,
				847B38AD2457E01C00FD675C /* Release */,
			);
			defaultConfigurationIsVisible = 0;
			defaultConfigurationName = Release;
		};
		847B38AE2457E01C00FD675C /* Build configuration list for PBXNativeTarget "VU-Mobile-Technical-Test-IOS" */ = {
			isa = XCConfigurationList;
			buildConfigurations = (
				847B38AF2457E01C00FD675C /* Debug */,
				847B38B02457E01C00FD675C /* Release */,
			);
			defaultConfigurationIsVisible = 0;
			defaultConfigurationName = Release;
		};
/* End XCConfigurationList section */
	};
	rootObject = 847B38942457E01C00FD675C /* Project object */;
}
